// !$*UTF8*$!
{
	archiveVersion = 1;
	classes = {
	};
	objectVersion = 46;
	objects = {

/* Begin PBXBuildFile section */
		1DCD488B1B299B6400C17F94 /* main.m in Sources */ = {isa = PBXBuildFile; fileRef = 1DCD488A1B299B6400C17F94 /* main.m */; };
		1DCD488E1B299B6400C17F94 /* AppDelegate.m in Sources */ = {isa = PBXBuildFile; fileRef = 1DCD488D1B299B6400C17F94 /* AppDelegate.m */; };
		1DCD48941B299B6400C17F94 /* Main.storyboard in Resources */ = {isa = PBXBuildFile; fileRef = 1DCD48921B299B6400C17F94 /* Main.storyboard */; };
		1DCD48961B299B6400C17F94 /* Images.xcassets in Resources */ = {isa = PBXBuildFile; fileRef = 1DCD48951B299B6400C17F94 /* Images.xcassets */; };
		1DCD48991B299B6400C17F94 /* LaunchScreen.xib in Resources */ = {isa = PBXBuildFile; fileRef = 1DCD48971B299B6400C17F94 /* LaunchScreen.xib */; };
		1DCD48A51B299B6400C17F94 /* TestProjGitTests.m in Sources */ = {isa = PBXBuildFile; fileRef = 1DCD48A41B299B6400C17F94 /* TestProjGitTests.m */; };
		1DCD48F81B29C48500C17F94 /* QueueITViewController.m in Sources */ = {isa = PBXBuildFile; fileRef = 1DCD48F71B29C48500C17F94 /* QueueITViewController.m */; };
		1DCD48FC1B29C50200C17F94 /* Turn.m in Sources */ = {isa = PBXBuildFile; fileRef = 1DCD48FB1B29C50200C17F94 /* Turn.m */; };
		1DCD49021B2AD29600C17F94 /* ShellViewController.m in Sources */ = {isa = PBXBuildFile; fileRef = 1DCD49011B2AD29600C17F94 /* ShellViewController.m */; };
		1DCD49051B2B005400C17F94 /* QueueITEngine.m in Sources */ = {isa = PBXBuildFile; fileRef = 1DCD49041B2B005400C17F94 /* QueueITEngine.m */; };
		1DCD49E91B32B12400C17F94 /* QueueService.m in Sources */ = {isa = PBXBuildFile; fileRef = 1DCD49E81B32B12400C17F94 /* QueueService.m */; };
		1DCD49EC1B32B4E500C17F94 /* QueueStatus.m in Sources */ = {isa = PBXBuildFile; fileRef = 1DCD49EB1B32B4E500C17F94 /* QueueStatus.m */; };
		1DCD49EF1B32B9A400C17F94 /* QueueService_NSURLConnection.m in Sources */ = {isa = PBXBuildFile; fileRef = 1DCD49EE1B32B9A400C17F94 /* QueueService_NSURLConnection.m */; };
		1DCD49F21B32D6A600C17F94 /* QueueService_NSURLConnectionRequest.m in Sources */ = {isa = PBXBuildFile; fileRef = 1DCD49F11B32D6A600C17F94 /* QueueService_NSURLConnectionRequest.m */; };
		1DCD49F51B3403D900C17F94 /* IOSUtils.m in Sources */ = {isa = PBXBuildFile; fileRef = 1DCD49F41B3403D900C17F94 /* IOSUtils.m */; };
		1DCD49F81B3AA35C00C17F94 /* TopsTableViewController.m in Sources */ = {isa = PBXBuildFile; fileRef = 1DCD49F71B3AA35C00C17F94 /* TopsTableViewController.m */; };
		1DCD49FB1B3AA81E00C17F94 /* 4.jpeg in Resources */ = {isa = PBXBuildFile; fileRef = 1DCD49FA1B3AA81E00C17F94 /* 4.jpeg */; };
		1DCD49FF1B3AA84000C17F94 /* 1.jpeg in Resources */ = {isa = PBXBuildFile; fileRef = 1DCD49FC1B3AA84000C17F94 /* 1.jpeg */; };
		1DCD4A001B3AA84000C17F94 /* 2.jpeg in Resources */ = {isa = PBXBuildFile; fileRef = 1DCD49FD1B3AA84000C17F94 /* 2.jpeg */; };
		1DCD4A011B3AA84000C17F94 /* 3.jpeg in Resources */ = {isa = PBXBuildFile; fileRef = 1DCD49FE1B3AA84000C17F94 /* 3.jpeg */; };
		1DCD4A031B3AAE0200C17F94 /* b.jpeg in Resources */ = {isa = PBXBuildFile; fileRef = 1DCD4A021B3AAE0200C17F94 /* b.jpeg */; };
		1DCD4A051B3AAE0B00C17F94 /* d.jpeg in Resources */ = {isa = PBXBuildFile; fileRef = 1DCD4A041B3AAE0B00C17F94 /* d.jpeg */; };
		1DCD4A071B3AAEAC00C17F94 /* c.jpeg in Resources */ = {isa = PBXBuildFile; fileRef = 1DCD4A061B3AAEAC00C17F94 /* c.jpeg */; };
		1DCD4A0A1B3AAF6500C17F94 /* JewelryTableViewController.m in Sources */ = {isa = PBXBuildFile; fileRef = 1DCD4A091B3AAF6500C17F94 /* JewelryTableViewController.m */; };
/* End PBXBuildFile section */

/* Begin PBXContainerItemProxy section */
		1DCD489F1B299B6400C17F94 /* PBXContainerItemProxy */ = {
			isa = PBXContainerItemProxy;
			containerPortal = 1DCD487D1B299B6400C17F94 /* Project object */;
			proxyType = 1;
			remoteGlobalIDString = 1DCD48841B299B6400C17F94;
			remoteInfo = TestProjGit;
		};
/* End PBXContainerItemProxy section */

/* Begin PBXFileReference section */
		1DCD48851B299B6400C17F94 /* TestProjGit.app */ = {isa = PBXFileReference; explicitFileType = wrapper.application; includeInIndex = 0; path = TestProjGit.app; sourceTree = BUILT_PRODUCTS_DIR; };
		1DCD48891B299B6400C17F94 /* Info.plist */ = {isa = PBXFileReference; lastKnownFileType = text.plist.xml; path = Info.plist; sourceTree = "<group>"; };
		1DCD488A1B299B6400C17F94 /* main.m */ = {isa = PBXFileReference; lastKnownFileType = sourcecode.c.objc; path = main.m; sourceTree = "<group>"; };
		1DCD488C1B299B6400C17F94 /* AppDelegate.h */ = {isa = PBXFileReference; lastKnownFileType = sourcecode.c.h; path = AppDelegate.h; sourceTree = "<group>"; };
		1DCD488D1B299B6400C17F94 /* AppDelegate.m */ = {isa = PBXFileReference; lastKnownFileType = sourcecode.c.objc; path = AppDelegate.m; sourceTree = "<group>"; };
		1DCD48931B299B6400C17F94 /* Base */ = {isa = PBXFileReference; lastKnownFileType = file.storyboard; name = Base; path = Base.lproj/Main.storyboard; sourceTree = "<group>"; };
		1DCD48951B299B6400C17F94 /* Images.xcassets */ = {isa = PBXFileReference; lastKnownFileType = folder.assetcatalog; path = Images.xcassets; sourceTree = "<group>"; };
		1DCD48981B299B6400C17F94 /* Base */ = {isa = PBXFileReference; lastKnownFileType = file.xib; name = Base; path = Base.lproj/LaunchScreen.xib; sourceTree = "<group>"; };
		1DCD489E1B299B6400C17F94 /* TestProjGitTests.xctest */ = {isa = PBXFileReference; explicitFileType = wrapper.cfbundle; includeInIndex = 0; path = TestProjGitTests.xctest; sourceTree = BUILT_PRODUCTS_DIR; };
		1DCD48A31B299B6400C17F94 /* Info.plist */ = {isa = PBXFileReference; lastKnownFileType = text.plist.xml; path = Info.plist; sourceTree = "<group>"; };
		1DCD48A41B299B6400C17F94 /* TestProjGitTests.m */ = {isa = PBXFileReference; lastKnownFileType = sourcecode.c.objc; path = TestProjGitTests.m; sourceTree = "<group>"; };
		1DCD48F61B29C48500C17F94 /* QueueITViewController.h */ = {isa = PBXFileReference; fileEncoding = 4; lastKnownFileType = sourcecode.c.h; path = QueueITViewController.h; sourceTree = "<group>"; };
		1DCD48F71B29C48500C17F94 /* QueueITViewController.m */ = {isa = PBXFileReference; fileEncoding = 4; lastKnownFileType = sourcecode.c.objc; path = QueueITViewController.m; sourceTree = "<group>"; };
		1DCD48FA1B29C50200C17F94 /* Turn.h */ = {isa = PBXFileReference; fileEncoding = 4; lastKnownFileType = sourcecode.c.h; path = Turn.h; sourceTree = "<group>"; };
		1DCD48FB1B29C50200C17F94 /* Turn.m */ = {isa = PBXFileReference; fileEncoding = 4; lastKnownFileType = sourcecode.c.objc; path = Turn.m; sourceTree = "<group>"; };
		1DCD49001B2AD29600C17F94 /* ShellViewController.h */ = {isa = PBXFileReference; fileEncoding = 4; lastKnownFileType = sourcecode.c.h; path = ShellViewController.h; sourceTree = "<group>"; };
		1DCD49011B2AD29600C17F94 /* ShellViewController.m */ = {isa = PBXFileReference; fileEncoding = 4; lastKnownFileType = sourcecode.c.objc; path = ShellViewController.m; sourceTree = "<group>"; };
		1DCD49031B2B005400C17F94 /* QueueITEngine.h */ = {isa = PBXFileReference; fileEncoding = 4; lastKnownFileType = sourcecode.c.h; path = QueueITEngine.h; sourceTree = "<group>"; };
		1DCD49041B2B005400C17F94 /* QueueITEngine.m */ = {isa = PBXFileReference; fileEncoding = 4; lastKnownFileType = sourcecode.c.objc; path = QueueITEngine.m; sourceTree = "<group>"; };
		1DCD49E71B32B12400C17F94 /* QueueService.h */ = {isa = PBXFileReference; fileEncoding = 4; lastKnownFileType = sourcecode.c.h; path = QueueService.h; sourceTree = "<group>"; };
		1DCD49E81B32B12400C17F94 /* QueueService.m */ = {isa = PBXFileReference; fileEncoding = 4; lastKnownFileType = sourcecode.c.objc; path = QueueService.m; sourceTree = "<group>"; };
		1DCD49EA1B32B4E500C17F94 /* QueueStatus.h */ = {isa = PBXFileReference; fileEncoding = 4; lastKnownFileType = sourcecode.c.h; path = QueueStatus.h; sourceTree = "<group>"; };
		1DCD49EB1B32B4E500C17F94 /* QueueStatus.m */ = {isa = PBXFileReference; fileEncoding = 4; lastKnownFileType = sourcecode.c.objc; path = QueueStatus.m; sourceTree = "<group>"; };
		1DCD49ED1B32B9A400C17F94 /* QueueService_NSURLConnection.h */ = {isa = PBXFileReference; fileEncoding = 4; lastKnownFileType = sourcecode.c.h; path = QueueService_NSURLConnection.h; sourceTree = "<group>"; };
		1DCD49EE1B32B9A400C17F94 /* QueueService_NSURLConnection.m */ = {isa = PBXFileReference; fileEncoding = 4; lastKnownFileType = sourcecode.c.objc; path = QueueService_NSURLConnection.m; sourceTree = "<group>"; };
		1DCD49F01B32D6A600C17F94 /* QueueService_NSURLConnectionRequest.h */ = {isa = PBXFileReference; fileEncoding = 4; lastKnownFileType = sourcecode.c.h; path = QueueService_NSURLConnectionRequest.h; sourceTree = "<group>"; };
		1DCD49F11B32D6A600C17F94 /* QueueService_NSURLConnectionRequest.m */ = {isa = PBXFileReference; fileEncoding = 4; lastKnownFileType = sourcecode.c.objc; path = QueueService_NSURLConnectionRequest.m; sourceTree = "<group>"; };
		1DCD49F31B3403D900C17F94 /* IOSUtils.h */ = {isa = PBXFileReference; fileEncoding = 4; lastKnownFileType = sourcecode.c.h; path = IOSUtils.h; sourceTree = "<group>"; };
		1DCD49F41B3403D900C17F94 /* IOSUtils.m */ = {isa = PBXFileReference; fileEncoding = 4; lastKnownFileType = sourcecode.c.objc; path = IOSUtils.m; sourceTree = "<group>"; };
		1DCD49F61B3AA35C00C17F94 /* TopsTableViewController.h */ = {isa = PBXFileReference; fileEncoding = 4; lastKnownFileType = sourcecode.c.h; path = TopsTableViewController.h; sourceTree = "<group>"; };
		1DCD49F71B3AA35C00C17F94 /* TopsTableViewController.m */ = {isa = PBXFileReference; fileEncoding = 4; lastKnownFileType = sourcecode.c.objc; path = TopsTableViewController.m; sourceTree = "<group>"; };
		1DCD49FA1B3AA81E00C17F94 /* 4.jpeg */ = {isa = PBXFileReference; lastKnownFileType = image.jpeg; path = 4.jpeg; sourceTree = "<group>"; };
		1DCD49FC1B3AA84000C17F94 /* 1.jpeg */ = {isa = PBXFileReference; lastKnownFileType = image.jpeg; path = 1.jpeg; sourceTree = "<group>"; };
		1DCD49FD1B3AA84000C17F94 /* 2.jpeg */ = {isa = PBXFileReference; lastKnownFileType = image.jpeg; path = 2.jpeg; sourceTree = "<group>"; };
		1DCD49FE1B3AA84000C17F94 /* 3.jpeg */ = {isa = PBXFileReference; lastKnownFileType = image.jpeg; path = 3.jpeg; sourceTree = "<group>"; };
		1DCD4A021B3AAE0200C17F94 /* b.jpeg */ = {isa = PBXFileReference; lastKnownFileType = image.jpeg; path = b.jpeg; sourceTree = "<group>"; };
		1DCD4A041B3AAE0B00C17F94 /* d.jpeg */ = {isa = PBXFileReference; lastKnownFileType = image.jpeg; path = d.jpeg; sourceTree = "<group>"; };
		1DCD4A061B3AAEAC00C17F94 /* c.jpeg */ = {isa = PBXFileReference; lastKnownFileType = image.jpeg; path = c.jpeg; sourceTree = "<group>"; };
		1DCD4A081B3AAF6500C17F94 /* JewelryTableViewController.h */ = {isa = PBXFileReference; fileEncoding = 4; lastKnownFileType = sourcecode.c.h; path = JewelryTableViewController.h; sourceTree = "<group>"; };
		1DCD4A091B3AAF6500C17F94 /* JewelryTableViewController.m */ = {isa = PBXFileReference; fileEncoding = 4; lastKnownFileType = sourcecode.c.objc; path = JewelryTableViewController.m; sourceTree = "<group>"; };
/* End PBXFileReference section */

/* Begin PBXFrameworksBuildPhase section */
		1DCD48821B299B6400C17F94 /* Frameworks */ = {
			isa = PBXFrameworksBuildPhase;
			buildActionMask = 2147483647;
			files = (
			);
			runOnlyForDeploymentPostprocessing = 0;
		};
		1DCD489B1B299B6400C17F94 /* Frameworks */ = {
			isa = PBXFrameworksBuildPhase;
			buildActionMask = 2147483647;
			files = (
			);
			runOnlyForDeploymentPostprocessing = 0;
		};
/* End PBXFrameworksBuildPhase section */

/* Begin PBXGroup section */
		1DCD487C1B299B6400C17F94 = {
			isa = PBXGroup;
			children = (
				1DCD48871B299B6400C17F94 /* TestProjGit */,
				1DCD48A11B299B6400C17F94 /* TestProjGitTests */,
				1DCD48861B299B6400C17F94 /* Products */,
			);
			sourceTree = "<group>";
		};
		1DCD48861B299B6400C17F94 /* Products */ = {
			isa = PBXGroup;
			children = (
				1DCD48851B299B6400C17F94 /* TestProjGit.app */,
				1DCD489E1B299B6400C17F94 /* TestProjGitTests.xctest */,
			);
			name = Products;
			sourceTree = "<group>";
		};
		1DCD48871B299B6400C17F94 /* TestProjGit */ = {
			isa = PBXGroup;
			children = (
				1DCD49F91B3AA75B00C17F94 /* Images */,
				1DCD49E61B32B0F500C17F94 /* Services */,
				1DCD48F91B29C4F200C17F94 /* Model */,
				1DCD48F51B29C46E00C17F94 /* Controllers */,
				1DCD48921B299B6400C17F94 /* Main.storyboard */,
				1DCD48951B299B6400C17F94 /* Images.xcassets */,
				1DCD48971B299B6400C17F94 /* LaunchScreen.xib */,
				1DCD48881B299B6400C17F94 /* Supporting Files */,
				1DCD49031B2B005400C17F94 /* QueueITEngine.h */,
				1DCD49041B2B005400C17F94 /* QueueITEngine.m */,
			);
			path = TestProjGit;
			sourceTree = "<group>";
		};
		1DCD48881B299B6400C17F94 /* Supporting Files */ = {
			isa = PBXGroup;
			children = (
				1DCD488C1B299B6400C17F94 /* AppDelegate.h */,
				1DCD488D1B299B6400C17F94 /* AppDelegate.m */,
				1DCD48891B299B6400C17F94 /* Info.plist */,
				1DCD488A1B299B6400C17F94 /* main.m */,
			);
			name = "Supporting Files";
			sourceTree = "<group>";
		};
		1DCD48A11B299B6400C17F94 /* TestProjGitTests */ = {
			isa = PBXGroup;
			children = (
				1DCD48A41B299B6400C17F94 /* TestProjGitTests.m */,
				1DCD48A21B299B6400C17F94 /* Supporting Files */,
			);
			path = TestProjGitTests;
			sourceTree = "<group>";
		};
		1DCD48A21B299B6400C17F94 /* Supporting Files */ = {
			isa = PBXGroup;
			children = (
				1DCD48A31B299B6400C17F94 /* Info.plist */,
			);
			name = "Supporting Files";
			sourceTree = "<group>";
		};
		1DCD48F51B29C46E00C17F94 /* Controllers */ = {
			isa = PBXGroup;
			children = (
				1DCD48F61B29C48500C17F94 /* QueueITViewController.h */,
				1DCD48F71B29C48500C17F94 /* QueueITViewController.m */,
				1DCD49001B2AD29600C17F94 /* ShellViewController.h */,
				1DCD49011B2AD29600C17F94 /* ShellViewController.m */,
				1DCD49F61B3AA35C00C17F94 /* TopsTableViewController.h */,
				1DCD49F71B3AA35C00C17F94 /* TopsTableViewController.m */,
				1DCD4A081B3AAF6500C17F94 /* JewelryTableViewController.h */,
				1DCD4A091B3AAF6500C17F94 /* JewelryTableViewController.m */,
			);
			name = Controllers;
			sourceTree = "<group>";
		};
		1DCD48F91B29C4F200C17F94 /* Model */ = {
			isa = PBXGroup;
			children = (
				1DCD48FA1B29C50200C17F94 /* Turn.h */,
				1DCD48FB1B29C50200C17F94 /* Turn.m */,
				1DCD49EA1B32B4E500C17F94 /* QueueStatus.h */,
				1DCD49EB1B32B4E500C17F94 /* QueueStatus.m */,
				1DCD49F31B3403D900C17F94 /* IOSUtils.h */,
				1DCD49F41B3403D900C17F94 /* IOSUtils.m */,
			);
			name = Model;
			sourceTree = "<group>";
		};
		1DCD49E61B32B0F500C17F94 /* Services */ = {
			isa = PBXGroup;
			children = (
				1DCD49E71B32B12400C17F94 /* QueueService.h */,
				1DCD49E81B32B12400C17F94 /* QueueService.m */,
				1DCD49ED1B32B9A400C17F94 /* QueueService_NSURLConnection.h */,
				1DCD49EE1B32B9A400C17F94 /* QueueService_NSURLConnection.m */,
				1DCD49F01B32D6A600C17F94 /* QueueService_NSURLConnectionRequest.h */,
				1DCD49F11B32D6A600C17F94 /* QueueService_NSURLConnectionRequest.m */,
			);
			name = Services;
			sourceTree = "<group>";
		};
		1DCD49F91B3AA75B00C17F94 /* Images */ = {
			isa = PBXGroup;
			children = (
				1DCD4A061B3AAEAC00C17F94 /* c.jpeg */,
				1DCD4A041B3AAE0B00C17F94 /* d.jpeg */,
				1DCD4A021B3AAE0200C17F94 /* b.jpeg */,
				1DCD49FC1B3AA84000C17F94 /* 1.jpeg */,
				1DCD49FD1B3AA84000C17F94 /* 2.jpeg */,
				1DCD49FE1B3AA84000C17F94 /* 3.jpeg */,
				1DCD49FA1B3AA81E00C17F94 /* 4.jpeg */,
			);
			name = Images;
			sourceTree = "<group>";
		};
/* End PBXGroup section */

/* Begin PBXNativeTarget section */
		1DCD48841B299B6400C17F94 /* TestProjGit */ = {
			isa = PBXNativeTarget;
			buildConfigurationList = 1DCD48A81B299B6400C17F94 /* Build configuration list for PBXNativeTarget "TestProjGit" */;
			buildPhases = (
				1DCD48811B299B6400C17F94 /* Sources */,
				1DCD48821B299B6400C17F94 /* Frameworks */,
				1DCD48831B299B6400C17F94 /* Resources */,
			);
			buildRules = (
			);
			dependencies = (
			);
			name = TestProjGit;
			productName = TestProjGit;
			productReference = 1DCD48851B299B6400C17F94 /* TestProjGit.app */;
			productType = "com.apple.product-type.application";
		};
		1DCD489D1B299B6400C17F94 /* TestProjGitTests */ = {
			isa = PBXNativeTarget;
			buildConfigurationList = 1DCD48AB1B299B6400C17F94 /* Build configuration list for PBXNativeTarget "TestProjGitTests" */;
			buildPhases = (
				1DCD489A1B299B6400C17F94 /* Sources */,
				1DCD489B1B299B6400C17F94 /* Frameworks */,
				1DCD489C1B299B6400C17F94 /* Resources */,
			);
			buildRules = (
			);
			dependencies = (
				1DCD48A01B299B6400C17F94 /* PBXTargetDependency */,
			);
			name = TestProjGitTests;
			productName = TestProjGitTests;
			productReference = 1DCD489E1B299B6400C17F94 /* TestProjGitTests.xctest */;
			productType = "com.apple.product-type.bundle.unit-test";
		};
/* End PBXNativeTarget section */

/* Begin PBXProject section */
		1DCD487D1B299B6400C17F94 /* Project object */ = {
			isa = PBXProject;
			attributes = {
				LastUpgradeCheck = 0630;
				ORGANIZATIONNAME = "Alexander Yaremchuk";
				TargetAttributes = {
					1DCD48841B299B6400C17F94 = {
						CreatedOnToolsVersion = 6.3.2;
						DevelopmentTeam = 3V9D3ZPPMT;
					};
					1DCD489D1B299B6400C17F94 = {
						CreatedOnToolsVersion = 6.3.2;
						TestTargetID = 1DCD48841B299B6400C17F94;
					};
				};
			};
			buildConfigurationList = 1DCD48801B299B6400C17F94 /* Build configuration list for PBXProject "TestProjGit" */;
			compatibilityVersion = "Xcode 3.2";
			developmentRegion = English;
			hasScannedForEncodings = 0;
			knownRegions = (
				en,
				Base,
			);
			mainGroup = 1DCD487C1B299B6400C17F94;
			productRefGroup = 1DCD48861B299B6400C17F94 /* Products */;
			projectDirPath = "";
			projectRoot = "";
			targets = (
				1DCD48841B299B6400C17F94 /* TestProjGit */,
				1DCD489D1B299B6400C17F94 /* TestProjGitTests */,
			);
		};
/* End PBXProject section */

/* Begin PBXResourcesBuildPhase section */
		1DCD48831B299B6400C17F94 /* Resources */ = {
			isa = PBXResourcesBuildPhase;
			buildActionMask = 2147483647;
			files = (
				1DCD4A051B3AAE0B00C17F94 /* d.jpeg in Resources */,
				1DCD49FB1B3AA81E00C17F94 /* 4.jpeg in Resources */,
				1DCD49FF1B3AA84000C17F94 /* 1.jpeg in Resources */,
				1DCD4A031B3AAE0200C17F94 /* b.jpeg in Resources */,
				1DCD48941B299B6400C17F94 /* Main.storyboard in Resources */,
				1DCD4A071B3AAEAC00C17F94 /* c.jpeg in Resources */,
				1DCD48991B299B6400C17F94 /* LaunchScreen.xib in Resources */,
				1DCD4A011B3AA84000C17F94 /* 3.jpeg in Resources */,
				1DCD48961B299B6400C17F94 /* Images.xcassets in Resources */,
				1DCD4A001B3AA84000C17F94 /* 2.jpeg in Resources */,
			);
			runOnlyForDeploymentPostprocessing = 0;
		};
		1DCD489C1B299B6400C17F94 /* Resources */ = {
			isa = PBXResourcesBuildPhase;
			buildActionMask = 2147483647;
			files = (
			);
			runOnlyForDeploymentPostprocessing = 0;
		};
/* End PBXResourcesBuildPhase section */

/* Begin PBXSourcesBuildPhase section */
		1DCD48811B299B6400C17F94 /* Sources */ = {
			isa = PBXSourcesBuildPhase;
			buildActionMask = 2147483647;
			files = (
				1DCD49EC1B32B4E500C17F94 /* QueueStatus.m in Sources */,
				1DCD49F81B3AA35C00C17F94 /* TopsTableViewController.m in Sources */,
				1DCD49021B2AD29600C17F94 /* ShellViewController.m in Sources */,
				1DCD488E1B299B6400C17F94 /* AppDelegate.m in Sources */,
				1DCD48F81B29C48500C17F94 /* QueueITViewController.m in Sources */,
				1DCD48FC1B29C50200C17F94 /* Turn.m in Sources */,
				1DCD49051B2B005400C17F94 /* QueueITEngine.m in Sources */,
				1DCD488B1B299B6400C17F94 /* main.m in Sources */,
				1DCD49F21B32D6A600C17F94 /* QueueService_NSURLConnectionRequest.m in Sources */,
				1DCD49F51B3403D900C17F94 /* IOSUtils.m in Sources */,
				1DCD49EF1B32B9A400C17F94 /* QueueService_NSURLConnection.m in Sources */,
				1DCD4A0A1B3AAF6500C17F94 /* JewelryTableViewController.m in Sources */,
				1DCD49E91B32B12400C17F94 /* QueueService.m in Sources */,
			);
			runOnlyForDeploymentPostprocessing = 0;
		};
		1DCD489A1B299B6400C17F94 /* Sources */ = {
			isa = PBXSourcesBuildPhase;
			buildActionMask = 2147483647;
			files = (
				1DCD48A51B299B6400C17F94 /* TestProjGitTests.m in Sources */,
			);
			runOnlyForDeploymentPostprocessing = 0;
		};
/* End PBXSourcesBuildPhase section */

/* Begin PBXTargetDependency section */
		1DCD48A01B299B6400C17F94 /* PBXTargetDependency */ = {
			isa = PBXTargetDependency;
			target = 1DCD48841B299B6400C17F94 /* TestProjGit */;
			targetProxy = 1DCD489F1B299B6400C17F94 /* PBXContainerItemProxy */;
		};
/* End PBXTargetDependency section */

/* Begin PBXVariantGroup section */
		1DCD48921B299B6400C17F94 /* Main.storyboard */ = {
			isa = PBXVariantGroup;
			children = (
				1DCD48931B299B6400C17F94 /* Base */,
			);
			name = Main.storyboard;
			sourceTree = "<group>";
		};
		1DCD48971B299B6400C17F94 /* LaunchScreen.xib */ = {
			isa = PBXVariantGroup;
			children = (
				1DCD48981B299B6400C17F94 /* Base */,
			);
			name = LaunchScreen.xib;
			sourceTree = "<group>";
		};
/* End PBXVariantGroup section */

/* Begin XCBuildConfiguration section */
		1DCD48A61B299B6400C17F94 /* Debug */ = {
			isa = XCBuildConfiguration;
			buildSettings = {
				ALWAYS_SEARCH_USER_PATHS = NO;
				CLANG_CXX_LANGUAGE_STANDARD = "gnu++0x";
				CLANG_CXX_LIBRARY = "libc++";
				CLANG_ENABLE_MODULES = YES;
				CLANG_ENABLE_OBJC_ARC = YES;
				CLANG_WARN_BOOL_CONVERSION = YES;
				CLANG_WARN_CONSTANT_CONVERSION = YES;
				CLANG_WARN_DIRECT_OBJC_ISA_USAGE = YES_ERROR;
				CLANG_WARN_EMPTY_BODY = YES;
				CLANG_WARN_ENUM_CONVERSION = YES;
				CLANG_WARN_INT_CONVERSION = YES;
				CLANG_WARN_OBJC_ROOT_CLASS = YES_ERROR;
				CLANG_WARN_UNREACHABLE_CODE = YES;
				CLANG_WARN__DUPLICATE_METHOD_MATCH = YES;
				"CODE_SIGN_IDENTITY[sdk=iphoneos*]" = "iPhone Developer";
				COPY_PHASE_STRIP = NO;
				DEBUG_INFORMATION_FORMAT = "dwarf-with-dsym";
				ENABLE_STRICT_OBJC_MSGSEND = YES;
				GCC_C_LANGUAGE_STANDARD = gnu99;
				GCC_DYNAMIC_NO_PIC = NO;
				GCC_NO_COMMON_BLOCKS = YES;
				GCC_OPTIMIZATION_LEVEL = 0;
				GCC_PREPROCESSOR_DEFINITIONS = (
					"DEBUG=1",
					"$(inherited)",
				);
				GCC_SYMBOLS_PRIVATE_EXTERN = NO;
				GCC_WARN_64_TO_32_BIT_CONVERSION = YES;
				GCC_WARN_ABOUT_RETURN_TYPE = YES_ERROR;
				GCC_WARN_UNDECLARED_SELECTOR = YES;
				GCC_WARN_UNINITIALIZED_AUTOS = YES_AGGRESSIVE;
				GCC_WARN_UNUSED_FUNCTION = YES;
				GCC_WARN_UNUSED_VARIABLE = YES;
				IPHONEOS_DEPLOYMENT_TARGET = 8.3;
				MTL_ENABLE_DEBUG_INFO = YES;
				ONLY_ACTIVE_ARCH = YES;
				SDKROOT = iphoneos;
			};
			name = Debug;
		};
		1DCD48A71B299B6400C17F94 /* Release */ = {
			isa = XCBuildConfiguration;
			buildSettings = {
				ALWAYS_SEARCH_USER_PATHS = NO;
				CLANG_CXX_LANGUAGE_STANDARD = "gnu++0x";
				CLANG_CXX_LIBRARY = "libc++";
				CLANG_ENABLE_MODULES = YES;
				CLANG_ENABLE_OBJC_ARC = YES;
				CLANG_WARN_BOOL_CONVERSION = YES;
				CLANG_WARN_CONSTANT_CONVERSION = YES;
				CLANG_WARN_DIRECT_OBJC_ISA_USAGE = YES_ERROR;
				CLANG_WARN_EMPTY_BODY = YES;
				CLANG_WARN_ENUM_CONVERSION = YES;
				CLANG_WARN_INT_CONVERSION = YES;
				CLANG_WARN_OBJC_ROOT_CLASS = YES_ERROR;
				CLANG_WARN_UNREACHABLE_CODE = YES;
				CLANG_WARN__DUPLICATE_METHOD_MATCH = YES;
				"CODE_SIGN_IDENTITY[sdk=iphoneos*]" = "iPhone Developer";
				COPY_PHASE_STRIP = NO;
				DEBUG_INFORMATION_FORMAT = "dwarf-with-dsym";
				ENABLE_NS_ASSERTIONS = NO;
				ENABLE_STRICT_OBJC_MSGSEND = YES;
				GCC_C_LANGUAGE_STANDARD = gnu99;
				GCC_NO_COMMON_BLOCKS = YES;
				GCC_WARN_64_TO_32_BIT_CONVERSION = YES;
				GCC_WARN_ABOUT_RETURN_TYPE = YES_ERROR;
				GCC_WARN_UNDECLARED_SELECTOR = YES;
				GCC_WARN_UNINITIALIZED_AUTOS = YES_AGGRESSIVE;
				GCC_WARN_UNUSED_FUNCTION = YES;
				GCC_WARN_UNUSED_VARIABLE = YES;
				IPHONEOS_DEPLOYMENT_TARGET = 8.3;
				MTL_ENABLE_DEBUG_INFO = NO;
				SDKROOT = iphoneos;
				VALIDATE_PRODUCT = YES;
			};
			name = Release;
		};
		1DCD48A91B299B6400C17F94 /* Debug */ = {
			isa = XCBuildConfiguration;
			buildSettings = {
				ASSETCATALOG_COMPILER_APPICON_NAME = AppIcon;
				CODE_SIGN_IDENTITY = "iPhone Developer";
				INFOPLIST_FILE = TestProjGit/Info.plist;
				LD_RUNPATH_SEARCH_PATHS = "$(inherited) @executable_path/Frameworks";
				PRODUCT_NAME = "$(TARGET_NAME)";
			};
			name = Debug;
		};
		1DCD48AA1B299B6400C17F94 /* Release */ = {
			isa = XCBuildConfiguration;
			buildSettings = {
				ASSETCATALOG_COMPILER_APPICON_NAME = AppIcon;
				CODE_SIGN_IDENTITY = "iPhone Developer";
				INFOPLIST_FILE = TestProjGit/Info.plist;
				LD_RUNPATH_SEARCH_PATHS = "$(inherited) @executable_path/Frameworks";
				PRODUCT_NAME = "$(TARGET_NAME)";
			};
			name = Release;
		};
		1DCD48AC1B299B6400C17F94 /* Debug */ = {
			isa = XCBuildConfiguration;
			buildSettings = {
				BUNDLE_LOADER = "$(TEST_HOST)";
				FRAMEWORK_SEARCH_PATHS = (
					"$(SDKROOT)/Developer/Library/Frameworks",
					"$(inherited)",
				);
				GCC_PREPROCESSOR_DEFINITIONS = (
					"DEBUG=1",
					"$(inherited)",
				);
				INFOPLIST_FILE = TestProjGitTests/Info.plist;
				LD_RUNPATH_SEARCH_PATHS = "$(inherited) @executable_path/Frameworks @loader_path/Frameworks";
				PRODUCT_NAME = "$(TARGET_NAME)";
				TEST_HOST = "$(BUILT_PRODUCTS_DIR)/TestProjGit.app/TestProjGit";
			};
			name = Debug;
		};
		1DCD48AD1B299B6400C17F94 /* Release */ = {
			isa = XCBuildConfiguration;
			buildSettings = {
				BUNDLE_LOADER = "$(TEST_HOST)";
				FRAMEWORK_SEARCH_PATHS = (
					"$(SDKROOT)/Developer/Library/Frameworks",
					"$(inherited)",
				);
				INFOPLIST_FILE = TestProjGitTests/Info.plist;
				LD_RUNPATH_SEARCH_PATHS = "$(inherited) @executable_path/Frameworks @loader_path/Frameworks";
				PRODUCT_NAME = "$(TARGET_NAME)";
				TEST_HOST = "$(BUILT_PRODUCTS_DIR)/TestProjGit.app/TestProjGit";
			};
			name = Release;
		};
/* End XCBuildConfiguration section */

/* Begin XCConfigurationList section */
		1DCD48801B299B6400C17F94 /* Build configuration list for PBXProject "TestProjGit" */ = {
			isa = XCConfigurationList;
			buildConfigurations = (
				1DCD48A61B299B6400C17F94 /* Debug */,
				1DCD48A71B299B6400C17F94 /* Release */,
			);
			defaultConfigurationIsVisible = 0;
			defaultConfigurationName = Release;
		};
		1DCD48A81B299B6400C17F94 /* Build configuration list for PBXNativeTarget "TestProjGit" */ = {
			isa = XCConfigurationList;
			buildConfigurations = (
				1DCD48A91B299B6400C17F94 /* Debug */,
				1DCD48AA1B299B6400C17F94 /* Release */,
			);
			defaultConfigurationIsVisible = 0;
			defaultConfigurationName = Release;
		};
		1DCD48AB1B299B6400C17F94 /* Build configuration list for PBXNativeTarget "TestProjGitTests" */ = {
			isa = XCConfigurationList;
			buildConfigurations = (
				1DCD48AC1B299B6400C17F94 /* Debug */,
				1DCD48AD1B299B6400C17F94 /* Release */,
			);
			defaultConfigurationIsVisible = 0;
			defaultConfigurationName = Release;
		};
/* End XCConfigurationList section */
	};
	rootObject = 1DCD487D1B299B6400C17F94 /* Project object */;
}
